
Microsoft Visual Studio Solution File, Format Version 12.00
# Visual Studio Version 17
VisualStudioVersion = 17.1.32210.238
MinimumVisualStudioVersion = 10.0.40219.1
Project("{FAE04EC0-301F-11D3-BF4B-00C04F79EFBC}") = "Server", "BasicWebServer\Server.csproj", "{B6A28AAE-DA86-41D3-8A15-9B529A3AD71C}"
EndProject
Project("{FAE04EC0-301F-11D3-BF4B-00C04F79EFBC}") = "ClientExercice3", "ClientExercice3\ClientExercice3.csproj", "{ACC4F8AD-711C-4E62-8E8A-76BBC4896073}"
EndProject
Global
	GlobalSection(SolutionConfigurationPlatforms) = preSolution
		Debug|Any CPU = Debug|Any CPU
		Release|Any CPU = Release|Any CPU
	EndGlobalSection
	GlobalSection(ProjectConfigurationPlatforms) = postSolution
		{B6A28AAE-DA86-41D3-8A15-9B529A3AD71C}.Debug|Any CPU.ActiveCfg = Debug|Any CPU
		{B6A28AAE-DA86-41D3-8A15-9B529A3AD71C}.Debug|Any CPU.Build.0 = Debug|Any CPU
		{B6A28AAE-DA86-41D3-8A15-9B529A3AD71C}.Release|Any CPU.ActiveCfg = Release|Any CPU
		{B6A28AAE-DA86-41D3-8A15-9B529A3AD71C}.Release|Any CPU.Build.0 = Release|Any CPU
		{ACC4F8AD-711C-4E62-8E8A-76BBC4896073}.Debug|Any CPU.ActiveCfg = Debug|Any CPU
		{ACC4F8AD-711C-4E62-8E8A-76BBC4896073}.Debug|Any CPU.Build.0 = Debug|Any CPU
		{ACC4F8AD-711C-4E62-8E8A-76BBC4896073}.Release|Any CPU.ActiveCfg = Release|Any CPU
		{ACC4F8AD-711C-4E62-8E8A-76BBC4896073}.Release|Any CPU.Build.0 = Release|Any CPU
	EndGlobalSection
	GlobalSection(SolutionProperties) = preSolution
		HideSolutionNode = FALSE
	EndGlobalSection
	GlobalSection(ExtensibilityGlobals) = postSolution
		SolutionGuid = {EB2F176A-128D-4176-B75A-A077013CA20D}
	EndGlobalSection
EndGlobal
